// !$*UTF8*$!
{
	archiveVersion = 1;
	classes = {
	};
	objectVersion = 56;
	objects = {

/* Begin PBXBuildFile section */
		6766B6E82D3CB35E00D048DD /* Data.swift in Sources */ = {isa = PBXBuildFile; fileRef = 6766B6E72D3CB35E00D048DD /* Data.swift */; };
		6766B6EA2D3CDA1600D048DD /* MyStory.swift in Sources */ = {isa = PBXBuildFile; fileRef = 6766B6E92D3CDA1600D048DD /* MyStory.swift */; };
		6766B6ED2D3CDA8200D048DD /* StoryModels.swift in Sources */ = {isa = PBXBuildFile; fileRef = 6766B6EC2D3CDA8200D048DD /* StoryModels.swift */; };
		6766B6EF2D3CDBA800D048DD /* StoryPageView.swift in Sources */ = {isa = PBXBuildFile; fileRef = 6766B6EE2D3CDBA800D048DD /* StoryPageView.swift */; };
		677EC42C2D3EA92C009BD018 /* DatePlannerAppApp.swift in Sources */ = {isa = PBXBuildFile; fileRef = 677EC42B2D3EA92C009BD018 /* DatePlannerAppApp.swift */; };
		677EC42E2D3EA92C009BD018 /* ContentView.swift in Sources */ = {isa = PBXBuildFile; fileRef = 677EC42D2D3EA92C009BD018 /* ContentView.swift */; };
		677EC4302D3EA930009BD018 /* Assets.xcassets in Resources */ = {isa = PBXBuildFile; fileRef = 677EC42F2D3EA930009BD018 /* Assets.xcassets */; };
		677EC4332D3EA930009BD018 /* Preview Assets.xcassets in Resources */ = {isa = PBXBuildFile; fileRef = 677EC4322D3EA930009BD018 /* Preview Assets.xcassets */; };
		677EC4392D3EAA07009BD018 /* Event.swift in Sources */ = {isa = PBXBuildFile; fileRef = 677EC4382D3EAA07009BD018 /* Event.swift */; };
		677EC43B2D3EAA64009BD018 /* EventTask.swift in Sources */ = {isa = PBXBuildFile; fileRef = 677EC43A2D3EAA64009BD018 /* EventTask.swift */; };
		677EC43D2D3EAE2F009BD018 /* EventSymbols.swift in Sources */ = {isa = PBXBuildFile; fileRef = 677EC43C2D3EAE2F009BD018 /* EventSymbols.swift */; };
		677EC4402D3EAE7F009BD018 /* ColorOptions.swift in Sources */ = {isa = PBXBuildFile; fileRef = 677EC43F2D3EAE7F009BD018 /* ColorOptions.swift */; };
		67B168842D3B7B2B003812B9 /* AboutMeAppApp.swift in Sources */ = {isa = PBXBuildFile; fileRef = 67B168832D3B7B2B003812B9 /* AboutMeAppApp.swift */; };
		67B168862D3B7B2B003812B9 /* ContentView.swift in Sources */ = {isa = PBXBuildFile; fileRef = 67B168852D3B7B2B003812B9 /* ContentView.swift */; };
		67B168882D3B7B2F003812B9 /* Assets.xcassets in Resources */ = {isa = PBXBuildFile; fileRef = 67B168872D3B7B2F003812B9 /* Assets.xcassets */; };
		67B1688B2D3B7B2F003812B9 /* Preview Assets.xcassets in Resources */ = {isa = PBXBuildFile; fileRef = 67B1688A2D3B7B2F003812B9 /* Preview Assets.xcassets */; };
		67B168942D3B7C49003812B9 /* HomeView.swift in Sources */ = {isa = PBXBuildFile; fileRef = 67B168932D3B7C49003812B9 /* HomeView.swift */; };
		67B168972D3B7CF5003812B9 /* StoryView.swift in Sources */ = {isa = PBXBuildFile; fileRef = 67B168962D3B7CF5003812B9 /* StoryView.swift */; };
		67B1689A2D3B7D82003812B9 /* FavoritesView.swift in Sources */ = {isa = PBXBuildFile; fileRef = 67B168992D3B7D82003812B9 /* FavoritesView.swift */; };
		67B1689E2D3B7DBE003812B9 /* FunFactsView.swift in Sources */ = {isa = PBXBuildFile; fileRef = 67B1689D2D3B7DBE003812B9 /* FunFactsView.swift */; };
/* End PBXBuildFile section */

/* Begin PBXFileReference section */
		6766B6E72D3CB35E00D048DD /* Data.swift */ = {isa = PBXFileReference; lastKnownFileType = sourcecode.swift; path = Data.swift; sourceTree = "<group>"; };
		6766B6E92D3CDA1600D048DD /* MyStory.swift */ = {isa = PBXFileReference; lastKnownFileType = sourcecode.swift; path = MyStory.swift; sourceTree = "<group>"; };
		6766B6EC2D3CDA8200D048DD /* StoryModels.swift */ = {isa = PBXFileReference; lastKnownFileType = sourcecode.swift; path = StoryModels.swift; sourceTree = "<group>"; };
		6766B6EE2D3CDBA800D048DD /* StoryPageView.swift */ = {isa = PBXFileReference; lastKnownFileType = sourcecode.swift; path = StoryPageView.swift; sourceTree = "<group>"; };
		677EC4292D3EA92C009BD018 /* DatePlannerApp.app */ = {isa = PBXFileReference; explicitFileType = wrapper.application; includeInIndex = 0; path = DatePlannerApp.app; sourceTree = BUILT_PRODUCTS_DIR; };
		677EC42B2D3EA92C009BD018 /* DatePlannerAppApp.swift */ = {isa = PBXFileReference; lastKnownFileType = sourcecode.swift; path = DatePlannerAppApp.swift; sourceTree = "<group>"; };
		677EC42D2D3EA92C009BD018 /* ContentView.swift */ = {isa = PBXFileReference; lastKnownFileType = sourcecode.swift; path = ContentView.swift; sourceTree = "<group>"; };
		677EC42F2D3EA930009BD018 /* Assets.xcassets */ = {isa = PBXFileReference; lastKnownFileType = folder.assetcatalog; path = Assets.xcassets; sourceTree = "<group>"; };
		677EC4322D3EA930009BD018 /* Preview Assets.xcassets */ = {isa = PBXFileReference; lastKnownFileType = folder.assetcatalog; path = "Preview Assets.xcassets"; sourceTree = "<group>"; };
		677EC4382D3EAA07009BD018 /* Event.swift */ = {isa = PBXFileReference; lastKnownFileType = sourcecode.swift; path = Event.swift; sourceTree = "<group>"; };
		677EC43A2D3EAA64009BD018 /* EventTask.swift */ = {isa = PBXFileReference; lastKnownFileType = sourcecode.swift; path = EventTask.swift; sourceTree = "<group>"; };
		677EC43C2D3EAE2F009BD018 /* EventSymbols.swift */ = {isa = PBXFileReference; lastKnownFileType = sourcecode.swift; path = EventSymbols.swift; sourceTree = "<group>"; };
		677EC43F2D3EAE7F009BD018 /* ColorOptions.swift */ = {isa = PBXFileReference; lastKnownFileType = sourcecode.swift; path = ColorOptions.swift; sourceTree = "<group>"; };
		67B168802D3B7B2B003812B9 /* AboutMeApp.app */ = {isa = PBXFileReference; explicitFileType = wrapper.application; includeInIndex = 0; path = AboutMeApp.app; sourceTree = BUILT_PRODUCTS_DIR; };
		67B168832D3B7B2B003812B9 /* AboutMeAppApp.swift */ = {isa = PBXFileReference; lastKnownFileType = sourcecode.swift; path = AboutMeAppApp.swift; sourceTree = "<group>"; };
		67B168852D3B7B2B003812B9 /* ContentView.swift */ = {isa = PBXFileReference; lastKnownFileType = sourcecode.swift; path = ContentView.swift; sourceTree = "<group>"; };
		67B168872D3B7B2F003812B9 /* Assets.xcassets */ = {isa = PBXFileReference; lastKnownFileType = folder.assetcatalog; path = Assets.xcassets; sourceTree = "<group>"; };
		67B1688A2D3B7B2F003812B9 /* Preview Assets.xcassets */ = {isa = PBXFileReference; lastKnownFileType = folder.assetcatalog; path = "Preview Assets.xcassets"; sourceTree = "<group>"; };
		67B168932D3B7C49003812B9 /* HomeView.swift */ = {isa = PBXFileReference; lastKnownFileType = sourcecode.swift; path = HomeView.swift; sourceTree = "<group>"; };
		67B168962D3B7CF5003812B9 /* StoryView.swift */ = {isa = PBXFileReference; lastKnownFileType = sourcecode.swift; path = StoryView.swift; sourceTree = "<group>"; };
		67B168992D3B7D82003812B9 /* FavoritesView.swift */ = {isa = PBXFileReference; lastKnownFileType = sourcecode.swift; path = FavoritesView.swift; sourceTree = "<group>"; };
		67B1689D2D3B7DBE003812B9 /* FunFactsView.swift */ = {isa = PBXFileReference; lastKnownFileType = sourcecode.swift; path = FunFactsView.swift; sourceTree = "<group>"; };
/* End PBXFileReference section */

/* Begin PBXFrameworksBuildPhase section */
		677EC4262D3EA92C009BD018 /* Frameworks */ = {
			isa = PBXFrameworksBuildPhase;
			buildActionMask = 2147483647;
			files = (
			);
			runOnlyForDeploymentPostprocessing = 0;
		};
		67B1687D2D3B7B2B003812B9 /* Frameworks */ = {
			isa = PBXFrameworksBuildPhase;
			buildActionMask = 2147483647;
			files = (
			);
			runOnlyForDeploymentPostprocessing = 0;
		};
/* End PBXFrameworksBuildPhase section */

/* Begin PBXGroup section */
		6766B6E62D3CB34C00D048DD /* Data */ = {
			isa = PBXGroup;
			children = (
				6766B6E72D3CB35E00D048DD /* Data.swift */,
				6766B6E92D3CDA1600D048DD /* MyStory.swift */,
			);
			path = Data;
			sourceTree = "<group>";
		};
		6766B6EB2D3CDA6C00D048DD /* Model */ = {
			isa = PBXGroup;
			children = (
				6766B6EC2D3CDA8200D048DD /* StoryModels.swift */,
			);
			path = Model;
			sourceTree = "<group>";
		};
		677EC42A2D3EA92C009BD018 /* DatePlannerApp */ = {
			isa = PBXGroup;
			children = (
				677EC42B2D3EA92C009BD018 /* DatePlannerAppApp.swift */,
				677EC42D2D3EA92C009BD018 /* ContentView.swift */,
				677EC4372D3EA9EB009BD018 /* Model */,
				677EC42F2D3EA930009BD018 /* Assets.xcassets */,
				677EC4312D3EA930009BD018 /* Preview Content */,
			);
			path = DatePlannerApp;
			sourceTree = "<group>";
		};
		677EC4312D3EA930009BD018 /* Preview Content */ = {
			isa = PBXGroup;
			children = (
				677EC4322D3EA930009BD018 /* Preview Assets.xcassets */,
			);
			path = "Preview Content";
			sourceTree = "<group>";
		};
		677EC4372D3EA9EB009BD018 /* Model */ = {
			isa = PBXGroup;
			children = (
				677EC4382D3EAA07009BD018 /* Event.swift */,
				677EC43C2D3EAE2F009BD018 /* EventSymbols.swift */,
				677EC43A2D3EAA64009BD018 /* EventTask.swift */,
				677EC43F2D3EAE7F009BD018 /* ColorOptions.swift */,
			);
			path = Model;
			sourceTree = "<group>";
		};
		67B168772D3B7B2B003812B9 = {
			isa = PBXGroup;
			children = (
				67B168822D3B7B2B003812B9 /* AboutMeApp */,
				677EC42A2D3EA92C009BD018 /* DatePlannerApp */,
				67B168812D3B7B2B003812B9 /* Products */,
			);
			sourceTree = "<group>";
		};
		67B168812D3B7B2B003812B9 /* Products */ = {
			isa = PBXGroup;
			children = (
				67B168802D3B7B2B003812B9 /* AboutMeApp.app */,
				677EC4292D3EA92C009BD018 /* DatePlannerApp.app */,
			);
			name = Products;
			sourceTree = "<group>";
		};
		67B168822D3B7B2B003812B9 /* AboutMeApp */ = {
			isa = PBXGroup;
			children = (
				67B168832D3B7B2B003812B9 /* AboutMeAppApp.swift */,
				67B168852D3B7B2B003812B9 /* ContentView.swift */,
				6766B6EB2D3CDA6C00D048DD /* Model */,
				6766B6E62D3CB34C00D048DD /* Data */,
				67B168912D3B7C03003812B9 /* Views */,
				67B168872D3B7B2F003812B9 /* Assets.xcassets */,
				67B168892D3B7B2F003812B9 /* Preview Content */,
			);
			path = AboutMeApp;
			sourceTree = "<group>";
		};
		67B168892D3B7B2F003812B9 /* Preview Content */ = {
			isa = PBXGroup;
			children = (
				67B1688A2D3B7B2F003812B9 /* Preview Assets.xcassets */,
			);
			path = "Preview Content";
			sourceTree = "<group>";
		};
		67B168912D3B7C03003812B9 /* Views */ = {
			isa = PBXGroup;
			children = (
				67B168922D3B7C1D003812B9 /* HomeView */,
				67B168952D3B7CD9003812B9 /* StoryView */,
				67B168982D3B7D3B003812B9 /* FavoritesView */,
				67B1689C2D3B7DA3003812B9 /* FunFactsView */,
			);
			path = Views;
			sourceTree = "<group>";
		};
		67B168922D3B7C1D003812B9 /* HomeView */ = {
			isa = PBXGroup;
			children = (
				67B168932D3B7C49003812B9 /* HomeView.swift */,
			);
			path = HomeView;
			sourceTree = "<group>";
		};
		67B168952D3B7CD9003812B9 /* StoryView */ = {
			isa = PBXGroup;
			children = (
				67B168962D3B7CF5003812B9 /* StoryView.swift */,
				6766B6EE2D3CDBA800D048DD /* StoryPageView.swift */,
			);
			path = StoryView;
			sourceTree = "<group>";
		};
		67B168982D3B7D3B003812B9 /* FavoritesView */ = {
			isa = PBXGroup;
			children = (
				67B168992D3B7D82003812B9 /* FavoritesView.swift */,
			);
			path = FavoritesView;
			sourceTree = "<group>";
		};
		67B1689C2D3B7DA3003812B9 /* FunFactsView */ = {
			isa = PBXGroup;
			children = (
				67B1689D2D3B7DBE003812B9 /* FunFactsView.swift */,
			);
			path = FunFactsView;
			sourceTree = "<group>";
		};
/* End PBXGroup section */

/* Begin PBXNativeTarget section */
		677EC4282D3EA92C009BD018 /* DatePlannerApp */ = {
			isa = PBXNativeTarget;
			buildConfigurationList = 677EC4362D3EA930009BD018 /* Build configuration list for PBXNativeTarget "DatePlannerApp" */;
			buildPhases = (
				677EC4252D3EA92C009BD018 /* Sources */,
				677EC4262D3EA92C009BD018 /* Frameworks */,
				677EC4272D3EA92C009BD018 /* Resources */,
			);
			buildRules = (
			);
			dependencies = (
			);
			name = DatePlannerApp;
			productName = DatePlannerApp;
			productReference = 677EC4292D3EA92C009BD018 /* DatePlannerApp.app */;
			productType = "com.apple.product-type.application";
		};
		67B1687F2D3B7B2B003812B9 /* AboutMeApp */ = {
			isa = PBXNativeTarget;
			buildConfigurationList = 67B1688E2D3B7B2F003812B9 /* Build configuration list for PBXNativeTarget "AboutMeApp" */;
			buildPhases = (
				67B1687C2D3B7B2B003812B9 /* Sources */,
				67B1687D2D3B7B2B003812B9 /* Frameworks */,
				67B1687E2D3B7B2B003812B9 /* Resources */,
			);
			buildRules = (
			);
			dependencies = (
			);
			name = AboutMeApp;
			productName = AboutMeApp;
			productReference = 67B168802D3B7B2B003812B9 /* AboutMeApp.app */;
			productType = "com.apple.product-type.application";
		};
/* End PBXNativeTarget section */

/* Begin PBXProject section */
		67B168782D3B7B2B003812B9 /* Project object */ = {
			isa = PBXProject;
			attributes = {
				BuildIndependentTargetsInParallel = 1;
				LastSwiftUpdateCheck = 1420;
				LastUpgradeCheck = 1420;
				TargetAttributes = {
					677EC4282D3EA92C009BD018 = {
						CreatedOnToolsVersion = 14.2;
					};
					67B1687F2D3B7B2B003812B9 = {
						CreatedOnToolsVersion = 14.2;
					};
				};
			};
			buildConfigurationList = 67B1687B2D3B7B2B003812B9 /* Build configuration list for PBXProject "AboutMeApp" */;
			compatibilityVersion = "Xcode 14.0";
			developmentRegion = en;
			hasScannedForEncodings = 0;
			knownRegions = (
				en,
				Base,
			);
			mainGroup = 67B168772D3B7B2B003812B9;
			productRefGroup = 67B168812D3B7B2B003812B9 /* Products */;
			projectDirPath = "";
			projectRoot = "";
			targets = (
				67B1687F2D3B7B2B003812B9 /* AboutMeApp */,
				677EC4282D3EA92C009BD018 /* DatePlannerApp */,
			);
		};
/* End PBXProject section */

/* Begin PBXResourcesBuildPhase section */
		677EC4272D3EA92C009BD018 /* Resources */ = {
			isa = PBXResourcesBuildPhase;
			buildActionMask = 2147483647;
			files = (
				677EC4332D3EA930009BD018 /* Preview Assets.xcassets in Resources */,
				677EC4302D3EA930009BD018 /* Assets.xcassets in Resources */,
			);
			runOnlyForDeploymentPostprocessing = 0;
		};
		67B1687E2D3B7B2B003812B9 /* Resources */ = {
			isa = PBXResourcesBuildPhase;
			buildActionMask = 2147483647;
			files = (
				67B1688B2D3B7B2F003812B9 /* Preview Assets.xcassets in Resources */,
				67B168882D3B7B2F003812B9 /* Assets.xcassets in Resources */,
			);
			runOnlyForDeploymentPostprocessing = 0;
		};
/* End PBXResourcesBuildPhase section */

/* Begin PBXSourcesBuildPhase section */
		677EC4252D3EA92C009BD018 /* Sources */ = {
			isa = PBXSourcesBuildPhase;
			buildActionMask = 2147483647;
			files = (
				677EC42E2D3EA92C009BD018 /* ContentView.swift in Sources */,
				677EC43D2D3EAE2F009BD018 /* EventSymbols.swift in Sources */,
				677EC4402D3EAE7F009BD018 /* ColorOptions.swift in Sources */,
				677EC4392D3EAA07009BD018 /* Event.swift in Sources */,
				677EC42C2D3EA92C009BD018 /* DatePlannerAppApp.swift in Sources */,
				677EC43B2D3EAA64009BD018 /* EventTask.swift in Sources */,
			);
			runOnlyForDeploymentPostprocessing = 0;
		};
		67B1687C2D3B7B2B003812B9 /* Sources */ = {
			isa = PBXSourcesBuildPhase;
			buildActionMask = 2147483647;
			files = (
				6766B6ED2D3CDA8200D048DD /* StoryModels.swift in Sources */,
				6766B6EF2D3CDBA800D048DD /* StoryPageView.swift in Sources */,
				6766B6E82D3CB35E00D048DD /* Data.swift in Sources */,
				67B1689A2D3B7D82003812B9 /* FavoritesView.swift in Sources */,
				67B168942D3B7C49003812B9 /* HomeView.swift in Sources */,
				67B1689E2D3B7DBE003812B9 /* FunFactsView.swift in Sources */,
				67B168862D3B7B2B003812B9 /* ContentView.swift in Sources */,
				67B168972D3B7CF5003812B9 /* StoryView.swift in Sources */,
				67B168842D3B7B2B003812B9 /* AboutMeAppApp.swift in Sources */,
				6766B6EA2D3CDA1600D048DD /* MyStory.swift in Sources */,
			);
			runOnlyForDeploymentPostprocessing = 0;
		};
/* End PBXSourcesBuildPhase section */

/* Begin XCBuildConfiguration section */
		677EC4342D3EA930009BD018 /* Debug */ = {
			isa = XCBuildConfiguration;
			buildSettings = {
				ASSETCATALOG_COMPILER_APPICON_NAME = AppIcon;
				ASSETCATALOG_COMPILER_GLOBAL_ACCENT_COLOR_NAME = AccentColor;
				CODE_SIGN_STYLE = Automatic;
				CURRENT_PROJECT_VERSION = 1;
				DEVELOPMENT_ASSET_PATHS = "\"DatePlannerApp/Preview Content\"";
				ENABLE_PREVIEWS = YES;
				GENERATE_INFOPLIST_FILE = YES;
				INFOPLIST_KEY_UIApplicationSceneManifest_Generation = YES;
				INFOPLIST_KEY_UIApplicationSupportsIndirectInputEvents = YES;
				INFOPLIST_KEY_UILaunchScreen_Generation = YES;
				INFOPLIST_KEY_UISupportedInterfaceOrientations_iPad = "UIInterfaceOrientationPortrait UIInterfaceOrientationPortraitUpsideDown UIInterfaceOrientationLandscapeLeft UIInterfaceOrientationLandscapeRight";
				INFOPLIST_KEY_UISupportedInterfaceOrientations_iPhone = "UIInterfaceOrientationPortrait UIInterfaceOrientationLandscapeLeft UIInterfaceOrientationLandscapeRight";
				LD_RUNPATH_SEARCH_PATHS = (
					"$(inherited)",
					"@executable_path/Frameworks",
				);
				MARKETING_VERSION = 1.0;
				PRODUCT_BUNDLE_IDENTIFIER = com.test.DatePlannerApp;
				PRODUCT_NAME = "$(TARGET_NAME)";
				SWIFT_EMIT_LOC_STRINGS = YES;
				SWIFT_VERSION = 5.0;
				TARGETED_DEVICE_FAMILY = "1,2";
			};
			name = Debug;
		};
		677EC4352D3EA930009BD018 /* Release */ = {
			isa = XCBuildConfiguration;
			buildSettings = {
				ASSETCATALOG_COMPILER_APPICON_NAME = AppIcon;
				ASSETCATALOG_COMPILER_GLOBAL_ACCENT_COLOR_NAME = AccentColor;
				CODE_SIGN_STYLE = Automatic;
				CURRENT_PROJECT_VERSION = 1;
				DEVELOPMENT_ASSET_PATHS = "\"DatePlannerApp/Preview Content\"";
				ENABLE_PREVIEWS = YES;
				GENERATE_INFOPLIST_FILE = YES;
				INFOPLIST_KEY_UIApplicationSceneManifest_Generation = YES;
				INFOPLIST_KEY_UIApplicationSupportsIndirectInputEvents = YES;
				INFOPLIST_KEY_UILaunchScreen_Generation = YES;
				INFOPLIST_KEY_UISupportedInterfaceOrientations_iPad = "UIInterfaceOrientationPortrait UIInterfaceOrientationPortraitUpsideDown UIInterfaceOrientationLandscapeLeft UIInterfaceOrientationLandscapeRight";
				INFOPLIST_KEY_UISupportedInterfaceOrientations_iPhone = "UIInterfaceOrientationPortrait UIInterfaceOrientationLandscapeLeft UIInterfaceOrientationLandscapeRight";
				LD_RUNPATH_SEARCH_PATHS = (
					"$(inherited)",
					"@executable_path/Frameworks",
				);
				MARKETING_VERSION = 1.0;
				PRODUCT_BUNDLE_IDENTIFIER = com.test.DatePlannerApp;
				PRODUCT_NAME = "$(TARGET_NAME)";
				SWIFT_EMIT_LOC_STRINGS = YES;
				SWIFT_VERSION = 5.0;
				TARGETED_DEVICE_FAMILY = "1,2";
			};
			name = Release;
		};
		67B1688C2D3B7B2F003812B9 /* Debug */ = {
			isa = XCBuildConfiguration;
			buildSettings = {
				ALWAYS_SEARCH_USER_PATHS = NO;
				CLANG_ANALYZER_NONNULL = YES;
				CLANG_ANALYZER_NUMBER_OBJECT_CONVERSION = YES_AGGRESSIVE;
				CLANG_CXX_LANGUAGE_STANDARD = "gnu++20";
				CLANG_ENABLE_MODULES = YES;
				CLANG_ENABLE_OBJC_ARC = YES;
				CLANG_ENABLE_OBJC_WEAK = YES;
				CLANG_WARN_BLOCK_CAPTURE_AUTORELEASING = YES;
				CLANG_WARN_BOOL_CONVERSION = YES;
				CLANG_WARN_COMMA = YES;
				CLANG_WARN_CONSTANT_CONVERSION = YES;
				CLANG_WARN_DEPRECATED_OBJC_IMPLEMENTATIONS = YES;
				CLANG_WARN_DIRECT_OBJC_ISA_USAGE = YES_ERROR;
				CLANG_WARN_DOCUMENTATION_COMMENTS = YES;
				CLANG_WARN_EMPTY_BODY = YES;
				CLANG_WARN_ENUM_CONVERSION = YES;
				CLANG_WARN_INFINITE_RECURSION = YES;
				CLANG_WARN_INT_CONVERSION = YES;
				CLANG_WARN_NON_LITERAL_NULL_CONVERSION = YES;
				CLANG_WARN_OBJC_IMPLICIT_RETAIN_SELF = YES;
				CLANG_WARN_OBJC_LITERAL_CONVERSION = YES;
				CLANG_WARN_OBJC_ROOT_CLASS = YES_ERROR;
				CLANG_WARN_QUOTED_INCLUDE_IN_FRAMEWORK_HEADER = YES;
				CLANG_WARN_RANGE_LOOP_ANALYSIS = YES;
				CLANG_WARN_STRICT_PROTOTYPES = YES;
				CLANG_WARN_SUSPICIOUS_MOVE = YES;
				CLANG_WARN_UNGUARDED_AVAILABILITY = YES_AGGRESSIVE;
				CLANG_WARN_UNREACHABLE_CODE = YES;
				CLANG_WARN__DUPLICATE_METHOD_MATCH = YES;
				COPY_PHASE_STRIP = NO;
				DEBUG_INFORMATION_FORMAT = dwarf;
				ENABLE_STRICT_OBJC_MSGSEND = YES;
				ENABLE_TESTABILITY = YES;
				GCC_C_LANGUAGE_STANDARD = gnu11;
				GCC_DYNAMIC_NO_PIC = NO;
				GCC_NO_COMMON_BLOCKS = YES;
				GCC_OPTIMIZATION_LEVEL = 0;
				GCC_PREPROCESSOR_DEFINITIONS = (
					"DEBUG=1",
					"$(inherited)",
				);
				GCC_WARN_64_TO_32_BIT_CONVERSION = YES;
				GCC_WARN_ABOUT_RETURN_TYPE = YES_ERROR;
				GCC_WARN_UNDECLARED_SELECTOR = YES;
				GCC_WARN_UNINITIALIZED_AUTOS = YES_AGGRESSIVE;
				GCC_WARN_UNUSED_FUNCTION = YES;
				GCC_WARN_UNUSED_VARIABLE = YES;
				IPHONEOS_DEPLOYMENT_TARGET = 16.2;
				MTL_ENABLE_DEBUG_INFO = INCLUDE_SOURCE;
				MTL_FAST_MATH = YES;
				ONLY_ACTIVE_ARCH = YES;
				SDKROOT = iphoneos;
				SWIFT_ACTIVE_COMPILATION_CONDITIONS = DEBUG;
				SWIFT_OPTIMIZATION_LEVEL = "-Onone";
			};
			name = Debug;
		};
		67B1688D2D3B7B2F003812B9 /* Release */ = {
			isa = XCBuildConfiguration;
			buildSettings = {
				ALWAYS_SEARCH_USER_PATHS = NO;
				CLANG_ANALYZER_NONNULL = YES;
				CLANG_ANALYZER_NUMBER_OBJECT_CONVERSION = YES_AGGRESSIVE;
				CLANG_CXX_LANGUAGE_STANDARD = "gnu++20";
				CLANG_ENABLE_MODULES = YES;
				CLANG_ENABLE_OBJC_ARC = YES;
				CLANG_ENABLE_OBJC_WEAK = YES;
				CLANG_WARN_BLOCK_CAPTURE_AUTORELEASING = YES;
				CLANG_WARN_BOOL_CONVERSION = YES;
				CLANG_WARN_COMMA = YES;
				CLANG_WARN_CONSTANT_CONVERSION = YES;
				CLANG_WARN_DEPRECATED_OBJC_IMPLEMENTATIONS = YES;
				CLANG_WARN_DIRECT_OBJC_ISA_USAGE = YES_ERROR;
				CLANG_WARN_DOCUMENTATION_COMMENTS = YES;
				CLANG_WARN_EMPTY_BODY = YES;
				CLANG_WARN_ENUM_CONVERSION = YES;
				CLANG_WARN_INFINITE_RECURSION = YES;
				CLANG_WARN_INT_CONVERSION = YES;
				CLANG_WARN_NON_LITERAL_NULL_CONVERSION = YES;
				CLANG_WARN_OBJC_IMPLICIT_RETAIN_SELF = YES;
				CLANG_WARN_OBJC_LITERAL_CONVERSION = YES;
				CLANG_WARN_OBJC_ROOT_CLASS = YES_ERROR;
				CLANG_WARN_QUOTED_INCLUDE_IN_FRAMEWORK_HEADER = YES;
				CLANG_WARN_RANGE_LOOP_ANALYSIS = YES;
				CLANG_WARN_STRICT_PROTOTYPES = YES;
				CLANG_WARN_SUSPICIOUS_MOVE = YES;
				CLANG_WARN_UNGUARDED_AVAILABILITY = YES_AGGRESSIVE;
				CLANG_WARN_UNREACHABLE_CODE = YES;
				CLANG_WARN__DUPLICATE_METHOD_MATCH = YES;
				COPY_PHASE_STRIP = NO;
				DEBUG_INFORMATION_FORMAT = "dwarf-with-dsym";
				ENABLE_NS_ASSERTIONS = NO;
				ENABLE_STRICT_OBJC_MSGSEND = YES;
				GCC_C_LANGUAGE_STANDARD = gnu11;
				GCC_NO_COMMON_BLOCKS = YES;
				GCC_WARN_64_TO_32_BIT_CONVERSION = YES;
				GCC_WARN_ABOUT_RETURN_TYPE = YES_ERROR;
				GCC_WARN_UNDECLARED_SELECTOR = YES;
				GCC_WARN_UNINITIALIZED_AUTOS = YES_AGGRESSIVE;
				GCC_WARN_UNUSED_FUNCTION = YES;
				GCC_WARN_UNUSED_VARIABLE = YES;
				IPHONEOS_DEPLOYMENT_TARGET = 16.2;
				MTL_ENABLE_DEBUG_INFO = NO;
				MTL_FAST_MATH = YES;
				SDKROOT = iphoneos;
				SWIFT_COMPILATION_MODE = wholemodule;
				SWIFT_OPTIMIZATION_LEVEL = "-O";
				VALIDATE_PRODUCT = YES;
			};
			name = Release;
		};
		67B1688F2D3B7B2F003812B9 /* Debug */ = {
			isa = XCBuildConfiguration;
			buildSettings = {
				ASSETCATALOG_COMPILER_APPICON_NAME = AppIcon;
				ASSETCATALOG_COMPILER_GLOBAL_ACCENT_COLOR_NAME = AccentColor;
				CODE_SIGN_STYLE = Automatic;
				CURRENT_PROJECT_VERSION = 1;
				DEVELOPMENT_ASSET_PATHS = "\"AboutMeApp/Preview Content\"";
				ENABLE_PREVIEWS = YES;
				GENERATE_INFOPLIST_FILE = YES;
				INFOPLIST_KEY_UIApplicationSceneManifest_Generation = YES;
				INFOPLIST_KEY_UIApplicationSupportsIndirectInputEvents = YES;
				INFOPLIST_KEY_UILaunchScreen_Generation = YES;
				INFOPLIST_KEY_UISupportedInterfaceOrientations_iPad = "UIInterfaceOrientationPortrait UIInterfaceOrientationPortraitUpsideDown UIInterfaceOrientationLandscapeLeft UIInterfaceOrientationLandscapeRight";
				INFOPLIST_KEY_UISupportedInterfaceOrientations_iPhone = "UIInterfaceOrientationPortrait UIInterfaceOrientationLandscapeLeft UIInterfaceOrientationLandscapeRight";
				LD_RUNPATH_SEARCH_PATHS = (
					"$(inherited)",
					"@executable_path/Frameworks",
				);
				MARKETING_VERSION = 1.0;
				PRODUCT_BUNDLE_IDENTIFIER = com.test.AboutMeApp;
				PRODUCT_NAME = "$(TARGET_NAME)";
				SWIFT_EMIT_LOC_STRINGS = YES;
				SWIFT_VERSION = 5.0;
				TARGETED_DEVICE_FAMILY = "1,2";
			};
			name = Debug;
		};
		67B168902D3B7B2F003812B9 /* Release */ = {
			isa = XCBuildConfiguration;
			buildSettings = {
				ASSETCATALOG_COMPILER_APPICON_NAME = AppIcon;
				ASSETCATALOG_COMPILER_GLOBAL_ACCENT_COLOR_NAME = AccentColor;
				CODE_SIGN_STYLE = Automatic;
				CURRENT_PROJECT_VERSION = 1;
				DEVELOPMENT_ASSET_PATHS = "\"AboutMeApp/Preview Content\"";
				ENABLE_PREVIEWS = YES;
				GENERATE_INFOPLIST_FILE = YES;
				INFOPLIST_KEY_UIApplicationSceneManifest_Generation = YES;
				INFOPLIST_KEY_UIApplicationSupportsIndirectInputEvents = YES;
				INFOPLIST_KEY_UILaunchScreen_Generation = YES;
				INFOPLIST_KEY_UISupportedInterfaceOrientations_iPad = "UIInterfaceOrientationPortrait UIInterfaceOrientationPortraitUpsideDown UIInterfaceOrientationLandscapeLeft UIInterfaceOrientationLandscapeRight";
				INFOPLIST_KEY_UISupportedInterfaceOrientations_iPhone = "UIInterfaceOrientationPortrait UIInterfaceOrientationLandscapeLeft UIInterfaceOrientationLandscapeRight";
				LD_RUNPATH_SEARCH_PATHS = (
					"$(inherited)",
					"@executable_path/Frameworks",
				);
				MARKETING_VERSION = 1.0;
				PRODUCT_BUNDLE_IDENTIFIER = com.test.AboutMeApp;
				PRODUCT_NAME = "$(TARGET_NAME)";
				SWIFT_EMIT_LOC_STRINGS = YES;
				SWIFT_VERSION = 5.0;
				TARGETED_DEVICE_FAMILY = "1,2";
			};
			name = Release;
		};
/* End XCBuildConfiguration section */

/* Begin XCConfigurationList section */
		677EC4362D3EA930009BD018 /* Build configuration list for PBXNativeTarget "DatePlannerApp" */ = {
			isa = XCConfigurationList;
			buildConfigurations = (
				677EC4342D3EA930009BD018 /* Debug */,
				677EC4352D3EA930009BD018 /* Release */,
			);
			defaultConfigurationIsVisible = 0;
			defaultConfigurationName = Release;
		};
		67B1687B2D3B7B2B003812B9 /* Build configuration list for PBXProject "AboutMeApp" */ = {
			isa = XCConfigurationList;
			buildConfigurations = (
				67B1688C2D3B7B2F003812B9 /* Debug */,
				67B1688D2D3B7B2F003812B9 /* Release */,
			);
			defaultConfigurationIsVisible = 0;
			defaultConfigurationName = Release;
		};
		67B1688E2D3B7B2F003812B9 /* Build configuration list for PBXNativeTarget "AboutMeApp" */ = {
			isa = XCConfigurationList;
			buildConfigurations = (
				67B1688F2D3B7B2F003812B9 /* Debug */,
				67B168902D3B7B2F003812B9 /* Release */,
			);
			defaultConfigurationIsVisible = 0;
			defaultConfigurationName = Release;
		};
/* End XCConfigurationList section */
	};
	rootObject = 67B168782D3B7B2B003812B9 /* Project object */;
}
